
Microsoft Visual Studio Solution File, Format Version 12.00
# Visual Studio Version 16
VisualStudioVersion = 16.0.30611.23
MinimumVisualStudioVersion = 10.0.40219.1
Project("{9A19103F-16F7-4668-BE54-9A1E7A4F7556}") = "BlogApp.Entities", "BlogApp.Entities\BlogApp.Entities.csproj", "{E149A933-DF37-4A68-9C50-B155417804A4}"
EndProject
Project("{9A19103F-16F7-4668-BE54-9A1E7A4F7556}") = "BlogApp.DataAccess", "BlogApp.DataAccess\BlogApp.DataAccess.csproj", "{A82170F8-781D-4DD2-9A5E-A475263F316E}"
EndProject
Project("{9A19103F-16F7-4668-BE54-9A1E7A4F7556}") = "BlogApp.Business", "BlogApp.Business\BlogApp.Business.csproj", "{B2FB4040-06D9-4ED4-BBF3-70E35DB0E5A8}"
EndProject
Project("{9A19103F-16F7-4668-BE54-9A1E7A4F7556}") = "BlogApp.WebApi", "BlogApp.WebApi\BlogApp.WebApi.csproj", "{034FFA4F-34B6-4F8D-A764-C3A974A10826}"
EndProject
Project("{9A19103F-16F7-4668-BE54-9A1E7A4F7556}") = "BlogApp.DTO", "BlogApp.DTO\BlogApp.DTO.csproj", "{CCE2D692-CD94-4CAC-A463-731D268A1B06}"
EndProject
Global
	GlobalSection(SolutionConfigurationPlatforms) = preSolution
		Debug|Any CPU = Debug|Any CPU
		Release|Any CPU = Release|Any CPU
	EndGlobalSection
	GlobalSection(ProjectConfigurationPlatforms) = postSolution
		{E149A933-DF37-4A68-9C50-B155417804A4}.Debug|Any CPU.ActiveCfg = Debug|Any CPU
		{E149A933-DF37-4A68-9C50-B155417804A4}.Debug|Any CPU.Build.0 = Debug|Any CPU
		{E149A933-DF37-4A68-9C50-B155417804A4}.Release|Any CPU.ActiveCfg = Release|Any CPU
		{E149A933-DF37-4A68-9C50-B155417804A4}.Release|Any CPU.Build.0 = Release|Any CPU
		{A82170F8-781D-4DD2-9A5E-A475263F316E}.Debug|Any CPU.ActiveCfg = Debug|Any CPU
		{A82170F8-781D-4DD2-9A5E-A475263F316E}.Debug|Any CPU.Build.0 = Debug|Any CPU
		{A82170F8-781D-4DD2-9A5E-A475263F316E}.Release|Any CPU.ActiveCfg = Release|Any CPU
		{A82170F8-781D-4DD2-9A5E-A475263F316E}.Release|Any CPU.Build.0 = Release|Any CPU
		{B2FB4040-06D9-4ED4-BBF3-70E35DB0E5A8}.Debug|Any CPU.ActiveCfg = Debug|Any CPU
		{B2FB4040-06D9-4ED4-BBF3-70E35DB0E5A8}.Debug|Any CPU.Build.0 = Debug|Any CPU
		{B2FB4040-06D9-4ED4-BBF3-70E35DB0E5A8}.Release|Any CPU.ActiveCfg = Release|Any CPU
		{B2FB4040-06D9-4ED4-BBF3-70E35DB0E5A8}.Release|Any CPU.Build.0 = Release|Any CPU
		{034FFA4F-34B6-4F8D-A764-C3A974A10826}.Debug|Any CPU.ActiveCfg = Debug|Any CPU
		{034FFA4F-34B6-4F8D-A764-C3A974A10826}.Debug|Any CPU.Build.0 = Debug|Any CPU
		{034FFA4F-34B6-4F8D-A764-C3A974A10826}.Release|Any CPU.ActiveCfg = Release|Any CPU
		{034FFA4F-34B6-4F8D-A764-C3A974A10826}.Release|Any CPU.Build.0 = Release|Any CPU
		{CCE2D692-CD94-4CAC-A463-731D268A1B06}.Debug|Any CPU.ActiveCfg = Debug|Any CPU
		{CCE2D692-CD94-4CAC-A463-731D268A1B06}.Debug|Any CPU.Build.0 = Debug|Any CPU
		{CCE2D692-CD94-4CAC-A463-731D268A1B06}.Release|Any CPU.ActiveCfg = Release|Any CPU
		{CCE2D692-CD94-4CAC-A463-731D268A1B06}.Release|Any CPU.Build.0 = Release|Any CPU
	EndGlobalSection
	GlobalSection(SolutionProperties) = preSolution
		HideSolutionNode = FALSE
	EndGlobalSection
	GlobalSection(ExtensibilityGlobals) = postSolution
		SolutionGuid = {F814627F-155C-4178-9B6B-AB4AF4A076A1}
	EndGlobalSection
EndGlobal
